
Microsoft Visual Studio Solution File, Format Version 12.00
# Visual Studio Version 17
VisualStudioVersion = 17.4.33213.308
MinimumVisualStudioVersion = 10.0.40219.1
Project("{FAE04EC0-301F-11D3-BF4B-00C04F79EFBC}") = "modul5_1302213089", "modul5_1302213089.csproj", "{D60B3BC3-CD2B-454F-AF41-0EA197837D31}"
EndProject
Global
	GlobalSection(SolutionConfigurationPlatforms) = preSolution
		Debug|Any CPU = Debug|Any CPU
		Release|Any CPU = Release|Any CPU
	EndGlobalSection
	GlobalSection(ProjectConfigurationPlatforms) = postSolution
		{D60B3BC3-CD2B-454F-AF41-0EA197837D31}.Debug|Any CPU.ActiveCfg = Debug|Any CPU
		{D60B3BC3-CD2B-454F-AF41-0EA197837D31}.Debug|Any CPU.Build.0 = Debug|Any CPU
		{D60B3BC3-CD2B-454F-AF41-0EA197837D31}.Release|Any CPU.ActiveCfg = Release|Any CPU
		{D60B3BC3-CD2B-454F-AF41-0EA197837D31}.Release|Any CPU.Build.0 = Release|Any CPU
	EndGlobalSection
	GlobalSection(SolutionProperties) = preSolution
		HideSolutionNode = FALSE
	EndGlobalSection
	GlobalSection(ExtensibilityGlobals) = postSolution
		SolutionGuid = {23BD2BCA-8044-4594-8B2F-E606C021E6B5}
	EndGlobalSection
EndGlobal
